
Microsoft Visual Studio Solution File, Format Version 12.00
# Visual Studio 2017
Project("{FAE04EC0-301F-11D3-BF4B-00C04F79EFBC}") = "LudumDare38Game", "LudumDare38Game.csproj", "{D0B20A0F-09F4-E418-B984-CDE6EF2566E1}"
EndProject
Project("{FAE04EC0-301F-11D3-BF4B-00C04F79EFBC}") = "LudumDare38Game.Editor", "LudumDare38Game.Editor.csproj", "{C2896843-B8CF-5A6B-F4E8-A99C253B73ED}"
EndProject
Global
	GlobalSection(SolutionConfigurationPlatforms) = preSolution
		Debug|Any CPU = Debug|Any CPU
		Release|Any CPU = Release|Any CPU
	EndGlobalSection
	GlobalSection(ProjectConfigurationPlatforms) = postSolution
		{D0B20A0F-09F4-E418-B984-CDE6EF2566E1}.Debug|Any CPU.ActiveCfg = Debug|Any CPU
		{D0B20A0F-09F4-E418-B984-CDE6EF2566E1}.Debug|Any CPU.Build.0 = Debug|Any CPU
		{D0B20A0F-09F4-E418-B984-CDE6EF2566E1}.Release|Any CPU.ActiveCfg = Release|Any CPU
		{D0B20A0F-09F4-E418-B984-CDE6EF2566E1}.Release|Any CPU.Build.0 = Release|Any CPU
		{C2896843-B8CF-5A6B-F4E8-A99C253B73ED}.Debug|Any CPU.ActiveCfg = Debug|Any CPU
		{C2896843-B8CF-5A6B-F4E8-A99C253B73ED}.Debug|Any CPU.Build.0 = Debug|Any CPU
		{C2896843-B8CF-5A6B-F4E8-A99C253B73ED}.Release|Any CPU.ActiveCfg = Release|Any CPU
		{C2896843-B8CF-5A6B-F4E8-A99C253B73ED}.Release|Any CPU.Build.0 = Release|Any CPU
	EndGlobalSection
	GlobalSection(SolutionProperties) = preSolution
		HideSolutionNode = FALSE
	EndGlobalSection
EndGlobal
